
Microsoft Visual Studio Solution File, Format Version 12.00
Project("{FAE04EC0-301F-11D3-BF4B-00C04F79EFBC}") = "UI", "UI\UI.csproj", "{3CF0E5CD-E4B5-4226-8030-EAFBCF2DDA86}"
EndProject
Project("{FAE04EC0-301F-11D3-BF4B-00C04F79EFBC}") = "Domain", "Domain\Domain.csproj", "{4A8E6010-46E4-4BFE-A714-CCFEF74D6A5B}"
EndProject
Project("{FAE04EC0-301F-11D3-BF4B-00C04F79EFBC}") = "Infrastructure", "Infrastructure\Infrastructure.csproj", "{D18C7FAC-9DE3-4EFF-84B7-D2CD1C66490D}"
EndProject
Project("{FAE04EC0-301F-11D3-BF4B-00C04F79EFBC}") = "Application", "Application\Application.csproj", "{266AB751-D92A-4A10-B25B-E74782D6C5C6}"
EndProject
Project("{FAE04EC0-301F-11D3-BF4B-00C04F79EFBC}") = "Grpc", "Grpc\Grpc.csproj", "{93ED61B2-5365-4062-9192-93C8FB65C88C}"
EndProject
Project("{FAE04EC0-301F-11D3-BF4B-00C04F79EFBC}") = "Tests", "Tests\Tests.csproj", "{87E6979C-2E45-4FC3-8BF3-3D32DF7489DA}"
EndProject
Project("{2150E333-8FDC-42A3-9474-1A3956D46DE8}") = "src", "src", "{8E71B2A0-F387-4F44-9F68-F09A88B24399}"
	ProjectSection(SolutionItems) = preProject
		Dockerfile = Dockerfile
		.dockerignore = .dockerignore
	EndProjectSection
EndProject
Global
	GlobalSection(SolutionConfigurationPlatforms) = preSolution
		Debug|Any CPU = Debug|Any CPU
		Release|Any CPU = Release|Any CPU
	EndGlobalSection
	GlobalSection(ProjectConfigurationPlatforms) = postSolution
		{3CF0E5CD-E4B5-4226-8030-EAFBCF2DDA86}.Debug|Any CPU.ActiveCfg = Debug|Any CPU
		{3CF0E5CD-E4B5-4226-8030-EAFBCF2DDA86}.Debug|Any CPU.Build.0 = Debug|Any CPU
		{3CF0E5CD-E4B5-4226-8030-EAFBCF2DDA86}.Release|Any CPU.ActiveCfg = Release|Any CPU
		{3CF0E5CD-E4B5-4226-8030-EAFBCF2DDA86}.Release|Any CPU.Build.0 = Release|Any CPU
		{4A8E6010-46E4-4BFE-A714-CCFEF74D6A5B}.Debug|Any CPU.ActiveCfg = Debug|Any CPU
		{4A8E6010-46E4-4BFE-A714-CCFEF74D6A5B}.Debug|Any CPU.Build.0 = Debug|Any CPU
		{4A8E6010-46E4-4BFE-A714-CCFEF74D6A5B}.Release|Any CPU.ActiveCfg = Release|Any CPU
		{4A8E6010-46E4-4BFE-A714-CCFEF74D6A5B}.Release|Any CPU.Build.0 = Release|Any CPU
		{D18C7FAC-9DE3-4EFF-84B7-D2CD1C66490D}.Debug|Any CPU.ActiveCfg = Debug|Any CPU
		{D18C7FAC-9DE3-4EFF-84B7-D2CD1C66490D}.Debug|Any CPU.Build.0 = Debug|Any CPU
		{D18C7FAC-9DE3-4EFF-84B7-D2CD1C66490D}.Release|Any CPU.ActiveCfg = Release|Any CPU
		{D18C7FAC-9DE3-4EFF-84B7-D2CD1C66490D}.Release|Any CPU.Build.0 = Release|Any CPU
		{266AB751-D92A-4A10-B25B-E74782D6C5C6}.Debug|Any CPU.ActiveCfg = Debug|Any CPU
		{266AB751-D92A-4A10-B25B-E74782D6C5C6}.Debug|Any CPU.Build.0 = Debug|Any CPU
		{266AB751-D92A-4A10-B25B-E74782D6C5C6}.Release|Any CPU.ActiveCfg = Release|Any CPU
		{266AB751-D92A-4A10-B25B-E74782D6C5C6}.Release|Any CPU.Build.0 = Release|Any CPU
		{93ED61B2-5365-4062-9192-93C8FB65C88C}.Debug|Any CPU.ActiveCfg = Debug|Any CPU
		{93ED61B2-5365-4062-9192-93C8FB65C88C}.Debug|Any CPU.Build.0 = Debug|Any CPU
		{93ED61B2-5365-4062-9192-93C8FB65C88C}.Release|Any CPU.ActiveCfg = Release|Any CPU
		{93ED61B2-5365-4062-9192-93C8FB65C88C}.Release|Any CPU.Build.0 = Release|Any CPU
		{87E6979C-2E45-4FC3-8BF3-3D32DF7489DA}.Debug|Any CPU.ActiveCfg = Debug|Any CPU
		{87E6979C-2E45-4FC3-8BF3-3D32DF7489DA}.Debug|Any CPU.Build.0 = Debug|Any CPU
		{87E6979C-2E45-4FC3-8BF3-3D32DF7489DA}.Release|Any CPU.ActiveCfg = Release|Any CPU
		{87E6979C-2E45-4FC3-8BF3-3D32DF7489DA}.Release|Any CPU.Build.0 = Release|Any CPU
	EndGlobalSection
	GlobalSection(NestedProjects) = preSolution
		{266AB751-D92A-4A10-B25B-E74782D6C5C6} = {8E71B2A0-F387-4F44-9F68-F09A88B24399}
		{4A8E6010-46E4-4BFE-A714-CCFEF74D6A5B} = {8E71B2A0-F387-4F44-9F68-F09A88B24399}
		{93ED61B2-5365-4062-9192-93C8FB65C88C} = {8E71B2A0-F387-4F44-9F68-F09A88B24399}
		{D18C7FAC-9DE3-4EFF-84B7-D2CD1C66490D} = {8E71B2A0-F387-4F44-9F68-F09A88B24399}
		{87E6979C-2E45-4FC3-8BF3-3D32DF7489DA} = {8E71B2A0-F387-4F44-9F68-F09A88B24399}
		{3CF0E5CD-E4B5-4226-8030-EAFBCF2DDA86} = {8E71B2A0-F387-4F44-9F68-F09A88B24399}
	EndGlobalSection
EndGlobal
